{
  "name": "docs-theme",
  "lockfileVersion": 3,
  "requires": true,
  "packages": {
    "": {
      "hasInstallScript": true,
      "dependencies": {
        "@psu-online-education/background-container": "^4.0.0",
        "@psu-online-education/blockquote": "^1.0.0",
        "@psu-online-education/compact-menu": "^1.4.2",
        "@psu-online-education/details": "^1.0.1",
        "@psu-online-education/footer": "^1.0.2",
        "@psu-online-education/header": "^2.1.1",
        "@psu-online-education/heading": "^3.1.1",
        "@psu-online-education/layout-two-col": "^1.0.3",
        "@psu-online-education/list": "^1.0.1",
        "@psu-online-education/page-title": "^1.0.3",
        "@psu-online-education/page-title-banner-image": "^1.0.1",
        "@psu-online-education/page-title-banner-plain": "^1.0.1",
        "@psu-online-education/physical-address": "^1.0.1",
        "@psu-online-education/skip-link": "^2.0.3",
        "@psu-online-education/slide-toggle": "^1.0.1",
        "@psu-online-education/social-icon": "^2.0.2",
        "@psu-online-education/social-icons": "^2.0.1",
        "@psu-online-education/vertical-menu": "^2.1.1"
      }
    },
    "node_modules/@psu-online-education/background-container": {
      "version": "4.0.0",
      "resolved": "https://npm.pkg.github.com/download/@psu-online-education/background-container/4.0.0/a7a09c11a298abd299f489e9a15b49be00d47a2a",
      "integrity": "sha512-GNdGwwjhUzyKrcpYThLaXS8FFnICuJI3cQpc2eNN4i+9P2D1vBvvP9NkvT6eEWWoZjoKOKLdFfwSvOqGndlB0Q==",
      "dependencies": {
        "@psu-online-education/base": "^3.0",
        "@psu-online-education/sprite": "^2.0"
      }
    },
    "node_modules/@psu-online-education/base": {
      "version": "3.0.1",
      "resolved": "https://npm.pkg.github.com/download/@psu-online-education/base/3.0.1/309d46700c49c03ff3dbd698cc8994e621840872",
      "integrity": "sha512-lyLXjVqsHez/yVmYg+o+xgyOZo+AxHrOzkOHKs2E4IetTZuBPDrT10dwkWY826T0lSefExfihx0+5varI4yhWg==",
      "dependencies": {
        "@psu-online-education/webfonts": "^2.0"
      }
    },
    "node_modules/@psu-online-education/blockquote": {
      "version": "1.0.0",
      "resolved": "https://npm.pkg.github.com/download/@psu-online-education/blockquote/1.0.0/73bfb742b30e711c400e0534167d63f73bf2c5be",
      "integrity": "sha512-8rHH9/2Q2gLYOTXwsR4oZO9wpIXP2VBCcSNCPq7Va+o2zy5O60+P4y4HhCc9V4u91mP1d4m9qJCt2eaquzjPZw==",
      "dependencies": {
        "@psu-online-education/base": "^3.0"
      }
    },
    "node_modules/@psu-online-education/compact-menu": {
      "version": "1.4.2",
      "resolved": "https://npm.pkg.github.com/download/@psu-online-education/compact-menu/1.4.2/305075db9d506266e031f9244ed1513b7211799b",
      "integrity": "sha512-dtlaTWY71qtU1qi0tIf0Mll67PWTe1Q1cUK4qyvT6ZG72MNrkpZUHippPx1y3hLOUykG1TYl+uV6XJIjNn/LDg==",
      "dependencies": {
        "@psu-online-education/base": "^3.0",
        "@psu-online-education/drop-button": "^3.0.0",
        "@psu-online-education/sprite": "^2.0.0",
        "@psu-online-education/vertical-menu": "^2.0.0"
      }
    },
    "node_modules/@psu-online-education/details": {
      "version": "1.0.1",
      "resolved": "https://npm.pkg.github.com/download/@psu-online-education/details/1.0.1/ea8ceaea4f21cb544aa0036d34d0a8bbc9e20ef1",
      "integrity": "sha512-/lRi1w/l802/R8zprvwQI1S95oZyFzn2b86WB6P9soUpXk3lEZGXtnXqeBRNLvJd1GaXFEquazClrUSQEQFmew==",
      "dependencies": {
        "@psu-online-education/base": "^3.0"
      }
    },
    "node_modules/@psu-online-education/drop-button": {
      "version": "3.2.2",
      "resolved": "https://npm.pkg.github.com/download/@psu-online-education/drop-button/3.2.2/8be59b5249fc9407c13eae79c264349911f9055e",
      "integrity": "sha512-ABrZiLEQQ5nAsM3eBK3aaFZV3eY78T9jgcqkwQ/Dtc1MRET7gHPLKJQE0QcvNWCrxmcbFyX0GD4vB09bsdLjeg==",
      "dependencies": {
        "@psu-online-education/base": "^3.0.1"
      }
    },
    "node_modules/@psu-online-education/footer": {
      "version": "1.0.2",
      "resolved": "https://npm.pkg.github.com/download/@psu-online-education/footer/1.0.2/da5440a6fe297eeedd2ceafab6224574698ba1b4",
      "integrity": "sha512-l8aD6Js1fFubQws6mypGzyxw4cgRch7mtEMIAcdUoUCS3lA2SaWs0NJWVbFebB+SOhcr/KmqXYkLK7fxmYyzUQ==",
      "dependencies": {
        "@psu-online-education/background-container": "^3.0 || ^4.0",
        "@psu-online-education/base": "^3.0",
        "@psu-online-education/sprite": "^2.0"
      }
    },
    "node_modules/@psu-online-education/header": {
      "version": "2.1.1",
      "resolved": "https://npm.pkg.github.com/download/@psu-online-education/header/2.1.1/fcc4d2c2aeca1e87b50e4d05edc6daecf6feca90",
      "integrity": "sha512-dK/vp5nNgBPqBSeYiaoEXx/GqyULDRQEWv+QLZw0SEFfNyVqjGqkMrXPQaSASrSUoyZIXQUjoCWhCkVPTj0Kvw==",
      "dependencies": {
        "@psu-online-education/base": "^3.0",
        "@psu-online-education/sprite": "^2.0"
      }
    },
    "node_modules/@psu-online-education/heading": {
      "version": "3.1.1",
      "resolved": "https://npm.pkg.github.com/download/@psu-online-education/heading/3.1.1/11bacc4bc52c8d8b5ab8d01d853bee581d9e6ce5",
      "integrity": "sha512-g4+Kfhq85t9uJ2zUNOf7T/AaXt0yakWmKv+47k3693zRodBSt/2KluQ/9nFzBIqk09E6A06+k/GZ4742uQz+fg==",
      "dependencies": {
        "@psu-online-education/base": "^3.0"
      }
    },
    "node_modules/@psu-online-education/layout-multi-col": {
      "version": "1.1.3",
      "resolved": "https://npm.pkg.github.com/download/@psu-online-education/layout-multi-col/1.1.3/12fa8e86d49c7f8fff8aae10c35f1b9873ee1154",
      "integrity": "sha512-BGHYl7vOLnQ3PU+twOeGvsKfjn0ij7zJe+ONX0fiBnjAW3xrhw45fDs0CVMThATHZ3X0wnM/hQjlJ6rB5NKMkA==",
      "dependencies": {
        "@psu-online-education/base": "^3.0"
      }
    },
    "node_modules/@psu-online-education/layout-two-col": {
      "version": "1.0.3",
      "resolved": "https://npm.pkg.github.com/download/@psu-online-education/layout-two-col/1.0.3/f4dc2b23b78dca9c9ca87010500fd6620fd7999c",
      "integrity": "sha512-YuO7S/uP4/CDMPtxwpkCGV71VN9ufjISf5nNSchCeiL8yof2h1z9gVDX1BAmtoj5IpaO+kaXzEapQQ52HFmIrg==",
      "dependencies": {
        "@psu-online-education/base": "^3.0",
        "@psu-online-education/layout-multi-col": "^1.1.0"
      }
    },
    "node_modules/@psu-online-education/list": {
      "version": "1.0.1",
      "resolved": "https://npm.pkg.github.com/download/@psu-online-education/list/1.0.1/48da22bfb6d0b14fe9eac167e914cbf630c1513b",
      "integrity": "sha512-XRuNvR9qfrT2MDlthxDewPuNpWqBczVhC2d10H5K0REqJy8lXdeSghueitcbC6D2a2el2EKVKhbNIaGZZ+p2AA==",
      "dependencies": {
        "@psu-online-education/base": "^3.0"
      }
    },
    "node_modules/@psu-online-education/page-title": {
      "version": "1.0.3",
      "resolved": "https://npm.pkg.github.com/download/@psu-online-education/page-title/1.0.3/180e7501721b9ac1cd7254c38894edb0f0c3fe0b",
      "integrity": "sha512-2mm51O5o1mCoGS6DOB83Q4ZYtCiGuMpx2FJSkciGnq9nmAaTSWyAVIHt7jcdbT8RP02e8xyMPlc2J87XewXaWA==",
      "dependencies": {
        "@psu-online-education/base": "^3.0",
        "@psu-online-education/heading": "^2.0 || ^3.0"
      }
    },
    "node_modules/@psu-online-education/page-title-banner-image": {
      "version": "1.0.1",
      "resolved": "https://npm.pkg.github.com/download/@psu-online-education/page-title-banner-image/1.0.1/a5c2790f6cfe21c39c529aabd1843f73a4ce3684",
      "integrity": "sha512-SebL5ycvY+CSAstDZX9SYmYibuxVE1otWwzvDizncu3ueFe1k9wM50R6CO06PmV5rYzQOU6j4UafmvEcAM7Hsg==",
      "dependencies": {
        "@psu-online-education/base": "^3.0",
        "@psu-online-education/page-title": "^1.0",
        "@psu-online-education/sprite": "^2.0"
      }
    },
    "node_modules/@psu-online-education/page-title-banner-plain": {
      "version": "1.0.1",
      "resolved": "https://npm.pkg.github.com/download/@psu-online-education/page-title-banner-plain/1.0.1/844f2be3a4b699ad82cfef82402c9fe20196a061",
      "integrity": "sha512-sHTGF7ab/5pr+gON0psru0l5s4rvNbVTaXx+hIcK+c1bndy4cT53UcqjEJ0eNHZByzmcafLQG7XNqswNkamq4A==",
      "dependencies": {
        "@psu-online-education/base": "^3.0",
        "@psu-online-education/page-title": "^1.0",
        "@psu-online-education/sprite": "^2.0"
      }
    },
    "node_modules/@psu-online-education/physical-address": {
      "version": "1.0.1",
      "resolved": "https://npm.pkg.github.com/download/@psu-online-education/physical-address/1.0.1/09a5c48dd43d49cd3f15a44f7e9060b685d4553d",
      "integrity": "sha512-BXKmYG/5yykyOnS3GrLN+BxSFmaTJ8FmMcIkMKMC0f8d0tTZFQEbz/HdbY6zTcVTfddIhfwW9UtPmWkeOJ2Dtg==",
      "dependencies": {
        "@psu-online-education/base": "^3.0"
      }
    },
    "node_modules/@psu-online-education/skip-link": {
      "version": "2.0.3",
      "resolved": "https://npm.pkg.github.com/download/@psu-online-education/skip-link/2.0.3/8a573aaaecbab9c90ca9eca4c414f5c6d8817bf1",
      "integrity": "sha512-pI6ZtgTxtCYmSEzWR5YuZQX8ArzfonFxRqIY0/P0UUh1RiOxw8bTf/o6BWfTtjkzs+uOdHGxki56+drcMQ2w8A==",
      "dependencies": {
        "@psu-online-education/base": "^3.0"
      }
    },
    "node_modules/@psu-online-education/slide-toggle": {
      "version": "1.0.1",
      "resolved": "https://npm.pkg.github.com/download/@psu-online-education/slide-toggle/1.0.1/251f1784970b0f13d9237e590aa1b17e190f7719",
      "integrity": "sha512-PZGOqABFXDPZJzUJEW1/ztXOKeuGpqpwm2O1Dvljn5o2XRyviHxhazuCSg0tILjr5TSl6uj+psYMhkR/Frjhtw=="
    },
    "node_modules/@psu-online-education/social-icon": {
      "version": "2.0.2",
      "resolved": "https://npm.pkg.github.com/download/@psu-online-education/social-icon/2.0.2/bd2f6e24f3ff0491178dce5f4b1c4fbec3d356a9",
      "integrity": "sha512-LlHDr9oAbjCRdJ/EvmacwZioaCepzSKjsM5zYocDnnNXQI7DfvSM3UefelWHV6PkCA+Tuj7rh7U8uuFrR5tCFQ==",
      "dependencies": {
        "@psu-online-education/base": "^3.0",
        "@psu-online-education/sprite": "^2.0"
      }
    },
    "node_modules/@psu-online-education/social-icons": {
      "version": "2.0.1",
      "resolved": "https://npm.pkg.github.com/download/@psu-online-education/social-icons/2.0.1/155ee9f8a5c9b9642b15d6dca8cbc91fa948ecca",
      "integrity": "sha512-sYSNYgZq9MMrXvCAhunC7K4gTWxGpHAkVm2SG8gt6T+Vsyam4P1pkmRlx+Qr7rkI2Ho23faL7WwgDqYetZnmZA==",
      "dependencies": {
        "@psu-online-education/base": "^3.0",
        "@psu-online-education/social-icon": "^2.0"
      }
    },
    "node_modules/@psu-online-education/sprite": {
      "version": "2.1.4",
      "resolved": "https://npm.pkg.github.com/download/@psu-online-education/sprite/2.1.4/347b08c0ce882cf28fb4f16a11901435f7e194ca",
      "integrity": "sha512-JP5y6HIcZWH9vifa4uiZqlcjDjVIPSBacOwlmlAn3IOFkAhF35XhPp45Hp9U4FXGk1oP27wHXyIVDy262C0nCw==",
      "dependencies": {
        "@psu-online-education/base": "^3.0"
      }
    },
    "node_modules/@psu-online-education/vertical-menu": {
      "version": "2.1.1",
      "resolved": "https://npm.pkg.github.com/download/@psu-online-education/vertical-menu/2.1.1/b695a0443a2bf7bfe27068dfc90c4950f47a0b1a",
      "integrity": "sha512-dhuuO/Gw8Lt3XCa1CAZgDFdhKspNEBlFhCN0b6ww7uB8ovllGwuD6EJpv4yybmLosw0O+/oR/ltVcGFDB875kQ==",
      "dependencies": {
        "@psu-online-education/base": "^3.0",
        "@psu-online-education/slide-toggle": "^1.0",
        "@psu-online-education/sprite": "^2.0"
      }
    },
    "node_modules/@psu-online-education/webfonts": {
      "version": "2.0.2",
      "resolved": "https://npm.pkg.github.com/download/@psu-online-education/webfonts/2.0.2/f54197491814ca7639a8c2f82fdad8109c945a87",
      "integrity": "sha512-YCC9X1uHBht6iVk3bGuWAGt6ZAaXBn2yOQpYYaARb86cXLQvCXIH+b8o5z4MTTNzIUPLIrCAJab0xcFGkM0/aw=="
    }
  }
}
